version = 1
revision = 1
requires-python = ">=3.13"

[[package]]
name = "microbit"
version = "0.1.0"
source = { virtual = "." }
dependencies = [
    { name = "microbit-stubs" },
    { name = "uflash" },
]

[package.metadata]
requires-dist = [
    { name = "microbit-stubs", specifier = ">=0.2.0" },
    { name = "uflash", specifier = ">=2.0.0" },
]

[[package]]
name = "microbit-stubs"
version = "0.2.0"
source = { registry = "https://pypi.org/simple" }
sdist = { url = "https://files.pythonhosted.org/packages/42/25/56ff7424c1fdd3c8629f82beda2b731749843bd6bf1cbbdcb5db583bb097/microbit-stubs-0.2.0.tar.gz", hash = "sha256:5de8b19e1ac393b9480031e0c1e9b158e854c81de162c9742722a28cc9f5e09d", size = 16525 }

[[package]]
name = "uflash"
version = "2.0.0"
source = { registry = "https://pypi.org/simple" }
sdist = { url = "https://files.pythonhosted.org/packages/94/6d/423d6358a1a65353cf54ff5c613a16add54c45fb5e16daa022e0650532c5/uflash-2.0.0.tar.gz", hash = "sha256:f583d2264fcf37e3e358f1f3a4370ce43b24eb3fdf845a477202555235b52582", size = 756369 }
